
Microsoft Visual Studio Solution File, Format Version 12.00
# Visual Studio Version 16
VisualStudioVersion = 16.0.29709.97
MinimumVisualStudioVersion = 10.0.40219.1
Project("{FAE04EC0-301F-11D3-BF4B-00C04F79EFBC}") = "practiceCode", "practiceCode\practiceCode.csproj", "{C32EA3AA-DB7A-49F8-8F66-AE334FFE377C}"
EndProject
Global
	GlobalSection(SolutionConfigurationPlatforms) = preSolution
		Debug|Any CPU = Debug|Any CPU
		Release|Any CPU = Release|Any CPU
	EndGlobalSection
	GlobalSection(ProjectConfigurationPlatforms) = postSolution
		{C32EA3AA-DB7A-49F8-8F66-AE334FFE377C}.Debug|Any CPU.ActiveCfg = Debug|Any CPU
		{C32EA3AA-DB7A-49F8-8F66-AE334FFE377C}.Debug|Any CPU.Build.0 = Debug|Any CPU
		{C32EA3AA-DB7A-49F8-8F66-AE334FFE377C}.Release|Any CPU.ActiveCfg = Release|Any CPU
		{C32EA3AA-DB7A-49F8-8F66-AE334FFE377C}.Release|Any CPU.Build.0 = Release|Any CPU
	EndGlobalSection
	GlobalSection(SolutionProperties) = preSolution
		HideSolutionNode = FALSE
	EndGlobalSection
	GlobalSection(ExtensibilityGlobals) = postSolution
		SolutionGuid = {77038825-ECF1-4587-B85A-B1CE93471A54}
	EndGlobalSection
EndGlobal
