
Microsoft Visual Studio Solution File, Format Version 12.00
# Visual Studio Version 16
VisualStudioVersion = 16.0.29709.97
MinimumVisualStudioVersion = 10.0.40219.1
Project("{FAE04EC0-301F-11D3-BF4B-00C04F79EFBC}") = "BankAccount", "BankAccount\BankAccount.csproj", "{538F8352-BC0E-4BBE-A919-2D323F1707C5}"
EndProject
Global
	GlobalSection(SolutionConfigurationPlatforms) = preSolution
		Debug|Any CPU = Debug|Any CPU
		Release|Any CPU = Release|Any CPU
	EndGlobalSection
	GlobalSection(ProjectConfigurationPlatforms) = postSolution
		{538F8352-BC0E-4BBE-A919-2D323F1707C5}.Debug|Any CPU.ActiveCfg = Debug|Any CPU
		{538F8352-BC0E-4BBE-A919-2D323F1707C5}.Debug|Any CPU.Build.0 = Debug|Any CPU
		{538F8352-BC0E-4BBE-A919-2D323F1707C5}.Release|Any CPU.ActiveCfg = Release|Any CPU
		{538F8352-BC0E-4BBE-A919-2D323F1707C5}.Release|Any CPU.Build.0 = Release|Any CPU
	EndGlobalSection
	GlobalSection(SolutionProperties) = preSolution
		HideSolutionNode = FALSE
	EndGlobalSection
	GlobalSection(ExtensibilityGlobals) = postSolution
		SolutionGuid = {D5F1BD9D-E3E2-4105-8133-E8E2ACC85F93}
	EndGlobalSection
EndGlobal
