
Microsoft Visual Studio Solution File, Format Version 12.00
# Visual Studio Version 16
VisualStudioVersion = 16.0.29709.97
MinimumVisualStudioVersion = 10.0.40219.1
Project("{FAE04EC0-301F-11D3-BF4B-00C04F79EFBC}") = "assignmentFive", "assignmentFive\assignmentFive.csproj", "{146E1CE4-2CD2-4348-BC57-0E58150202FD}"
EndProject
Global
	GlobalSection(SolutionConfigurationPlatforms) = preSolution
		Debug|Any CPU = Debug|Any CPU
		Release|Any CPU = Release|Any CPU
	EndGlobalSection
	GlobalSection(ProjectConfigurationPlatforms) = postSolution
		{146E1CE4-2CD2-4348-BC57-0E58150202FD}.Debug|Any CPU.ActiveCfg = Debug|Any CPU
		{146E1CE4-2CD2-4348-BC57-0E58150202FD}.Debug|Any CPU.Build.0 = Debug|Any CPU
		{146E1CE4-2CD2-4348-BC57-0E58150202FD}.Release|Any CPU.ActiveCfg = Release|Any CPU
		{146E1CE4-2CD2-4348-BC57-0E58150202FD}.Release|Any CPU.Build.0 = Release|Any CPU
	EndGlobalSection
	GlobalSection(SolutionProperties) = preSolution
		HideSolutionNode = FALSE
	EndGlobalSection
	GlobalSection(ExtensibilityGlobals) = postSolution
		SolutionGuid = {4B4554A4-D645-4C14-80C2-5B7083E1C9CA}
	EndGlobalSection
EndGlobal
