
Microsoft Visual Studio Solution File, Format Version 12.00
# Visual Studio Version 16
VisualStudioVersion = 16.0.29709.97
MinimumVisualStudioVersion = 10.0.40219.1
Project("{FAE04EC0-301F-11D3-BF4B-00C04F79EFBC}") = "assignmentThree", "assignmentThree\assignmentThree.csproj", "{7704EE34-B872-4B3B-83B1-F041EC5A883E}"
EndProject
Global
	GlobalSection(SolutionConfigurationPlatforms) = preSolution
		Debug|Any CPU = Debug|Any CPU
		Release|Any CPU = Release|Any CPU
	EndGlobalSection
	GlobalSection(ProjectConfigurationPlatforms) = postSolution
		{7704EE34-B872-4B3B-83B1-F041EC5A883E}.Debug|Any CPU.ActiveCfg = Debug|Any CPU
		{7704EE34-B872-4B3B-83B1-F041EC5A883E}.Debug|Any CPU.Build.0 = Debug|Any CPU
		{7704EE34-B872-4B3B-83B1-F041EC5A883E}.Release|Any CPU.ActiveCfg = Release|Any CPU
		{7704EE34-B872-4B3B-83B1-F041EC5A883E}.Release|Any CPU.Build.0 = Release|Any CPU
	EndGlobalSection
	GlobalSection(SolutionProperties) = preSolution
		HideSolutionNode = FALSE
	EndGlobalSection
	GlobalSection(ExtensibilityGlobals) = postSolution
		SolutionGuid = {1BDADE9F-6784-42A8-A4A3-7600A8A5DEF4}
	EndGlobalSection
EndGlobal
